
Microsoft Visual Studio Solution File, Format Version 12.00
# Visual Studio Version 16
VisualStudioVersion = 16.0.31515.178
MinimumVisualStudioVersion = 10.0.40219.1
Project("{FAE04EC0-301F-11D3-BF4B-00C04F79EFBC}") = "TheZoo", "TheZoo\TheZoo.csproj", "{816D3437-31AA-4279-8D31-02D5514307A7}"
EndProject
Global
	GlobalSection(SolutionConfigurationPlatforms) = preSolution
		Debug|Any CPU = Debug|Any CPU
		Release|Any CPU = Release|Any CPU
	EndGlobalSection
	GlobalSection(ProjectConfigurationPlatforms) = postSolution
		{816D3437-31AA-4279-8D31-02D5514307A7}.Debug|Any CPU.ActiveCfg = Debug|Any CPU
		{816D3437-31AA-4279-8D31-02D5514307A7}.Debug|Any CPU.Build.0 = Debug|Any CPU
		{816D3437-31AA-4279-8D31-02D5514307A7}.Release|Any CPU.ActiveCfg = Release|Any CPU
		{816D3437-31AA-4279-8D31-02D5514307A7}.Release|Any CPU.Build.0 = Release|Any CPU
	EndGlobalSection
	GlobalSection(SolutionProperties) = preSolution
		HideSolutionNode = FALSE
	EndGlobalSection
	GlobalSection(ExtensibilityGlobals) = postSolution
		SolutionGuid = {8C034E4E-0006-403D-8C05-2B9159FC89A9}
	EndGlobalSection
EndGlobal
